
Microsoft Visual Studio Solution File, Format Version 12.00
# Visual Studio Version 16
VisualStudioVersion = 16.0.30310.162
MinimumVisualStudioVersion = 10.0.40219.1
Project("{FAE04EC0-301F-11D3-BF4B-00C04F79EFBC}") = "WPFdonetCoreTitleBAr", "WPFdonetCoreTitleBAr.csproj", "{D578DEED-065B-4AF4-BD24-D49AE1D7E7FA}"
EndProject
Global
	GlobalSection(SolutionConfigurationPlatforms) = preSolution
		Debug|Any CPU = Debug|Any CPU
		Release|Any CPU = Release|Any CPU
	EndGlobalSection
	GlobalSection(ProjectConfigurationPlatforms) = postSolution
		{D578DEED-065B-4AF4-BD24-D49AE1D7E7FA}.Debug|Any CPU.ActiveCfg = Debug|Any CPU
		{D578DEED-065B-4AF4-BD24-D49AE1D7E7FA}.Debug|Any CPU.Build.0 = Debug|Any CPU
		{D578DEED-065B-4AF4-BD24-D49AE1D7E7FA}.Release|Any CPU.ActiveCfg = Release|Any CPU
		{D578DEED-065B-4AF4-BD24-D49AE1D7E7FA}.Release|Any CPU.Build.0 = Release|Any CPU
	EndGlobalSection
	GlobalSection(SolutionProperties) = preSolution
		HideSolutionNode = FALSE
	EndGlobalSection
	GlobalSection(ExtensibilityGlobals) = postSolution
		SolutionGuid = {1211254B-4DE7-4502-98BA-7E1F5BDB916C}
	EndGlobalSection
EndGlobal
